// !$*UTF8*$!
{
	archiveVersion = 1;
	classes = {
	};
	objectVersion = 46;
	objects = {

/* Begin PBXBuildFile section */
		910101F6142168CB0046BE13 /* ZSFetchURLOperation.h in Headers */ = {isa = PBXBuildFile; fileRef = 910101F4142168CB0046BE13 /* ZSFetchURLOperation.h */; settings = {ATTRIBUTES = (); }; };
		910101F7142168CB0046BE13 /* ZSFetchURLOperation.m in Sources */ = {isa = PBXBuildFile; fileRef = 910101F5142168CB0046BE13 /* ZSFetchURLOperation.m */; };
		910101F9142168E50046BE13 /* ZSFetchURLOperation.m in Sources */ = {isa = PBXBuildFile; fileRef = 910101F5142168CB0046BE13 /* ZSFetchURLOperation.m */; };
		910509F8138C54C000953807 /* NSData+ZSFoundation.m in Sources */ = {isa = PBXBuildFile; fileRef = 910509F5138C54B700953807 /* NSData+ZSFoundation.m */; };
		91050A01138C5B7600953807 /* TestUIImage+NSCoding.m in Sources */ = {isa = PBXBuildFile; fileRef = 910509FE138C5B7600953807 /* TestUIImage+NSCoding.m */; };
		91050A06138C5B8C00953807 /* TestNSData+base64encode.m in Sources */ = {isa = PBXBuildFile; fileRef = 91050A03138C5B8C00953807 /* TestNSData+base64encode.m */; };
		91050A0B138C637200953807 /* NSString+ZSFoundation.m in Sources */ = {isa = PBXBuildFile; fileRef = 91050A08138C637200953807 /* NSString+ZSFoundation.m */; };
		912AE4F3134F8A2900B1B843 /* UIView+ZSFoundation.m in Sources */ = {isa = PBXBuildFile; fileRef = 912AE4F0134F8A2200B1B843 /* UIView+ZSFoundation.m */; };
		91D1292F1411BFD6002BC0D5 /* Foundation.framework in Frameworks */ = {isa = PBXBuildFile; fileRef = AACBBE490F95108600F1A2B1 /* Foundation.framework */; };
		91DE1D131411C42B004E9579 /* ZSBool.h in Headers */ = {isa = PBXBuildFile; fileRef = F00053AC130C88D90093E979 /* ZSBool.h */; settings = {ATTRIBUTES = (); }; };
		91DE1D141411C42B004E9579 /* ZSBool.m in Sources */ = {isa = PBXBuildFile; fileRef = F00053AD130C88D90093E979 /* ZSBool.m */; };
		91DE1D151411C42B004E9579 /* ZSDataFetcher.h in Headers */ = {isa = PBXBuildFile; fileRef = 91E2D514133ABF1800ACB3CE /* ZSDataFetcher.h */; settings = {ATTRIBUTES = (); }; };
		91DE1D161411C42B004E9579 /* ZSDataFetcher.m in Sources */ = {isa = PBXBuildFile; fileRef = 91E2D515133ABF1A00ACB3CE /* ZSDataFetcher.m */; };
		91DE1D171411C42B004E9579 /* ZSFloat.h in Headers */ = {isa = PBXBuildFile; fileRef = F00053AE130C88D90093E979 /* ZSFloat.h */; settings = {ATTRIBUTES = (); }; };
		91DE1D181411C42B004E9579 /* ZSFloat.m in Sources */ = {isa = PBXBuildFile; fileRef = F00053AF130C88D90093E979 /* ZSFloat.m */; };
		91DE1D191411C42B004E9579 /* ZSInteger.h in Headers */ = {isa = PBXBuildFile; fileRef = F00053B0130C88D90093E979 /* ZSInteger.h */; settings = {ATTRIBUTES = (); }; };
		91DE1D1A1411C42B004E9579 /* ZSInteger.m in Sources */ = {isa = PBXBuildFile; fileRef = F00053B1130C88D90093E979 /* ZSInteger.m */; };
		91DE1D1B1411C42B004E9579 /* ZSKeyValuePair.h in Headers */ = {isa = PBXBuildFile; fileRef = F00053C0130C88F70093E979 /* ZSKeyValuePair.h */; settings = {ATTRIBUTES = (); }; };
		91DE1D1C1411C42B004E9579 /* ZSKeyValuePair.m in Sources */ = {isa = PBXBuildFile; fileRef = F00053C1130C88F70093E979 /* ZSKeyValuePair.m */; };
		91DE1D1D1411C42B004E9579 /* ZSLowMemoryPool.h in Headers */ = {isa = PBXBuildFile; fileRef = F0AA58EF1314D04C00B1809A /* ZSLowMemoryPool.h */; settings = {ATTRIBUTES = (); }; };
		91DE1D1E1411C42B004E9579 /* ZSLowMemoryPool.m in Sources */ = {isa = PBXBuildFile; fileRef = F0AA58F01314D04C00B1809A /* ZSLowMemoryPool.m */; };
		91DE1D1F1411C42B004E9579 /* ZSLRUQueueCache.h in Headers */ = {isa = PBXBuildFile; fileRef = F00053B2130C88D90093E979 /* ZSLRUQueueCache.h */; settings = {ATTRIBUTES = (); }; };
		91DE1D201411C42B004E9579 /* ZSLRUQueueCache.m in Sources */ = {isa = PBXBuildFile; fileRef = F00053B3130C88D90093E979 /* ZSLRUQueueCache.m */; };
		91DE1D211411C42B004E9579 /* ZSUInteger.h in Headers */ = {isa = PBXBuildFile; fileRef = F00053B4130C88D90093E979 /* ZSUInteger.h */; settings = {ATTRIBUTES = (); }; };
		91DE1D221411C42B004E9579 /* ZSUInteger.m in Sources */ = {isa = PBXBuildFile; fileRef = F00053B5130C88D90093E979 /* ZSUInteger.m */; };
		91DE1D231411C42B004E9579 /* ZSFoundation.h in Headers */ = {isa = PBXBuildFile; fileRef = F0E144DA130CECC000C23ACB /* ZSFoundation.h */; settings = {ATTRIBUTES = (); }; };
		91DE1D251411C42F004E9579 /* NSData+ZSFoundation.h in Headers */ = {isa = PBXBuildFile; fileRef = 910509F4138C54B700953807 /* NSData+ZSFoundation.h */; settings = {ATTRIBUTES = (); }; };
		91DE1D261411C42F004E9579 /* NSData+ZSFoundation.m in Sources */ = {isa = PBXBuildFile; fileRef = 910509F5138C54B700953807 /* NSData+ZSFoundation.m */; };
		91DE1D271411C42F004E9579 /* NSString+ZSFoundation.h in Headers */ = {isa = PBXBuildFile; fileRef = 91050A07138C637200953807 /* NSString+ZSFoundation.h */; settings = {ATTRIBUTES = (); }; };
		91DE1D281411C42F004E9579 /* NSString+ZSFoundation.m in Sources */ = {isa = PBXBuildFile; fileRef = 91050A08138C637200953807 /* NSString+ZSFoundation.m */; };
		91DE1D291411C42F004E9579 /* UIImage+ZSFoundation.h in Headers */ = {isa = PBXBuildFile; fileRef = 91E2D537133C3D0C00ACB3CE /* UIImage+ZSFoundation.h */; settings = {ATTRIBUTES = (); }; };
		91DE1D2A1411C42F004E9579 /* UIImage+ZSFoundation.m in Sources */ = {isa = PBXBuildFile; fileRef = 91E2D538133C3D0C00ACB3CE /* UIImage+ZSFoundation.m */; };
		91DE1D2B1411C42F004E9579 /* UIView+ZSFoundation.h in Headers */ = {isa = PBXBuildFile; fileRef = 912AE4EF134F8A2200B1B843 /* UIView+ZSFoundation.h */; settings = {ATTRIBUTES = (); }; };
		91DE1D2C1411C42F004E9579 /* UIView+ZSFoundation.m in Sources */ = {isa = PBXBuildFile; fileRef = 912AE4F0134F8A2200B1B843 /* UIView+ZSFoundation.m */; };
		91E2D518133ABF1E00ACB3CE /* ZSDataFetcher.m in Sources */ = {isa = PBXBuildFile; fileRef = 91E2D515133ABF1A00ACB3CE /* ZSDataFetcher.m */; };
		91E2D53C133C3D0C00ACB3CE /* UIImage+ZSFoundation.m in Sources */ = {isa = PBXBuildFile; fileRef = 91E2D538133C3D0C00ACB3CE /* UIImage+ZSFoundation.m */; };
		F00053D6130C8BBB0093E979 /* TestUtility.m in Sources */ = {isa = PBXBuildFile; fileRef = F00053D5130C8BBB0093E979 /* TestUtility.m */; };
		F07781F5145B7ECE005C06BB /* UINavigationController+ZSFoundation.h in Headers */ = {isa = PBXBuildFile; fileRef = F07781F3145B7ECD005C06BB /* UINavigationController+ZSFoundation.h */; };
		F07781F6145B7ECE005C06BB /* UINavigationController+ZSFoundation.m in Sources */ = {isa = PBXBuildFile; fileRef = F07781F4145B7ECD005C06BB /* UINavigationController+ZSFoundation.m */; };
		F07781F7145B7ECE005C06BB /* UINavigationController+ZSFoundation.m in Sources */ = {isa = PBXBuildFile; fileRef = F07781F4145B7ECD005C06BB /* UINavigationController+ZSFoundation.m */; };
		F07781FA145B8092005C06BB /* NSDictionary+ZSFoundation.h in Headers */ = {isa = PBXBuildFile; fileRef = F07781F8145B8091005C06BB /* NSDictionary+ZSFoundation.h */; };
		F07781FB145B8092005C06BB /* NSDictionary+ZSFoundation.m in Sources */ = {isa = PBXBuildFile; fileRef = F07781F9145B8092005C06BB /* NSDictionary+ZSFoundation.m */; };
		F07781FC145B8092005C06BB /* NSDictionary+ZSFoundation.m in Sources */ = {isa = PBXBuildFile; fileRef = F07781F9145B8092005C06BB /* NSDictionary+ZSFoundation.m */; };
		F07781FF145B812B005C06BB /* NSArray+ZSFoundation.h in Headers */ = {isa = PBXBuildFile; fileRef = F07781FD145B812A005C06BB /* NSArray+ZSFoundation.h */; };
		F0778200145B812B005C06BB /* NSArray+ZSFoundation.m in Sources */ = {isa = PBXBuildFile; fileRef = F07781FE145B812B005C06BB /* NSArray+ZSFoundation.m */; };
		F0778201145B812B005C06BB /* NSArray+ZSFoundation.m in Sources */ = {isa = PBXBuildFile; fileRef = F07781FE145B812B005C06BB /* NSArray+ZSFoundation.m */; };
		F0778204145B81AC005C06BB /* NSCountedSet+ZSFoundation.h in Headers */ = {isa = PBXBuildFile; fileRef = F0778202145B81AB005C06BB /* NSCountedSet+ZSFoundation.h */; };
		F0778205145B81AC005C06BB /* NSCountedSet+ZSFoundation.m in Sources */ = {isa = PBXBuildFile; fileRef = F0778203145B81AB005C06BB /* NSCountedSet+ZSFoundation.m */; };
		F0778206145B81AC005C06BB /* NSCountedSet+ZSFoundation.m in Sources */ = {isa = PBXBuildFile; fileRef = F0778203145B81AB005C06BB /* NSCountedSet+ZSFoundation.m */; };
		F0778209145B81E1005C06BB /* NSMutableArray+ZSFoundation.h in Headers */ = {isa = PBXBuildFile; fileRef = F0778207145B81E0005C06BB /* NSMutableArray+ZSFoundation.h */; };
		F077820A145B81E1005C06BB /* NSMutableArray+ZSFoundation.m in Sources */ = {isa = PBXBuildFile; fileRef = F0778208145B81E0005C06BB /* NSMutableArray+ZSFoundation.m */; };
		F077820B145B81E1005C06BB /* NSMutableArray+ZSFoundation.m in Sources */ = {isa = PBXBuildFile; fileRef = F0778208145B81E0005C06BB /* NSMutableArray+ZSFoundation.m */; };
		F077820E145B8561005C06BB /* UIFont+ZSFoundation.h in Headers */ = {isa = PBXBuildFile; fileRef = F077820C145B8560005C06BB /* UIFont+ZSFoundation.h */; };
		F077820F145B8561005C06BB /* UIFont+ZSFoundation.m in Sources */ = {isa = PBXBuildFile; fileRef = F077820D145B8560005C06BB /* UIFont+ZSFoundation.m */; };
		F0778210145B8561005C06BB /* UIFont+ZSFoundation.m in Sources */ = {isa = PBXBuildFile; fileRef = F077820D145B8560005C06BB /* UIFont+ZSFoundation.m */; };
		F0778213145B8598005C06BB /* UITextField+ZSFoundation.h in Headers */ = {isa = PBXBuildFile; fileRef = F0778211145B8596005C06BB /* UITextField+ZSFoundation.h */; };
		F0778214145B8598005C06BB /* UITextField+ZSFoundation.m in Sources */ = {isa = PBXBuildFile; fileRef = F0778212145B8597005C06BB /* UITextField+ZSFoundation.m */; };
		F0778215145B8598005C06BB /* UITextField+ZSFoundation.m in Sources */ = {isa = PBXBuildFile; fileRef = F0778212145B8597005C06BB /* UITextField+ZSFoundation.m */; };
		F077821B145B8665005C06BB /* UIDevice+ZSFoundation.h in Headers */ = {isa = PBXBuildFile; fileRef = F0778219145B8663005C06BB /* UIDevice+ZSFoundation.h */; };
		F077821C145B8665005C06BB /* UIDevice+ZSFoundation.m in Sources */ = {isa = PBXBuildFile; fileRef = F077821A145B8664005C06BB /* UIDevice+ZSFoundation.m */; };
		F077821D145B8665005C06BB /* UIDevice+ZSFoundation.m in Sources */ = {isa = PBXBuildFile; fileRef = F077821A145B8664005C06BB /* UIDevice+ZSFoundation.m */; };
		F077823A145B8A1F005C06BB /* TestNSDictionary+ZSFoundation.m in Sources */ = {isa = PBXBuildFile; fileRef = F0778233145B8A1F005C06BB /* TestNSDictionary+ZSFoundation.m */; };
		F077823B145B8A1F005C06BB /* TestNSMutableArray+ZSFoundation.m in Sources */ = {isa = PBXBuildFile; fileRef = F0778235145B8A1F005C06BB /* TestNSMutableArray+ZSFoundation.m */; };
		F077823C145B8A1F005C06BB /* TestNSString+ZSFoundation.m in Sources */ = {isa = PBXBuildFile; fileRef = F0778237145B8A1F005C06BB /* TestNSString+ZSFoundation.m */; };
		F077823D145B8A1F005C06BB /* TestNSURL+ZSFoundation.m in Sources */ = {isa = PBXBuildFile; fileRef = F0778239145B8A1F005C06BB /* TestNSURL+ZSFoundation.m */; };
		F077823F145B8B68005C06BB /* UIKit.framework in Frameworks */ = {isa = PBXBuildFile; fileRef = F077823E145B8B67005C06BB /* UIKit.framework */; };
		F0778241145B8B8B005C06BB /* CoreGraphics.framework in Frameworks */ = {isa = PBXBuildFile; fileRef = F0778240145B8B8A005C06BB /* CoreGraphics.framework */; };
		F0778243145B8DDA005C06BB /* Foundation.framework in Frameworks */ = {isa = PBXBuildFile; fileRef = F0778242145B8DD9005C06BB /* Foundation.framework */; };
		F0778245145B8DDF005C06BB /* UIKit.framework in Frameworks */ = {isa = PBXBuildFile; fileRef = F0778244145B8DDE005C06BB /* UIKit.framework */; };
		F0778247145B8DE5005C06BB /* CoreGraphics.framework in Frameworks */ = {isa = PBXBuildFile; fileRef = F0778246145B8DE4005C06BB /* CoreGraphics.framework */; };
		F0AA580C13136A9300B1809A /* TestZSBool.m in Sources */ = {isa = PBXBuildFile; fileRef = F0AA573413123D2B00B1809A /* TestZSBool.m */; };
		F0AA583F13136BF900B1809A /* TestZSFloat.m in Sources */ = {isa = PBXBuildFile; fileRef = F0AA583A13136BF900B1809A /* TestZSFloat.m */; };
		F0AA584013136BF900B1809A /* TestZSInteger.m in Sources */ = {isa = PBXBuildFile; fileRef = F0AA583C13136BF900B1809A /* TestZSInteger.m */; };
		F0AA584113136BF900B1809A /* TestZSUInteger.m in Sources */ = {isa = PBXBuildFile; fileRef = F0AA583E13136BF900B1809A /* TestZSUInteger.m */; };
		F0AA58F11314D04C00B1809A /* ZSLowMemoryPool.m in Sources */ = {isa = PBXBuildFile; fileRef = F0AA58F01314D04C00B1809A /* ZSLowMemoryPool.m */; };
		F0AA58FB1314E16500B1809A /* TestZSLowMemoryPool.m in Sources */ = {isa = PBXBuildFile; fileRef = F0AA58FA1314E16500B1809A /* TestZSLowMemoryPool.m */; };
		F0E14236130CAB1B00C23ACB /* TestZSLRUQueueCache.m in Sources */ = {isa = PBXBuildFile; fileRef = F00053D1130C8B4F0093E979 /* TestZSLRUQueueCache.m */; };
		F0E1424F130CAC2300C23ACB /* ZSBool.m in Sources */ = {isa = PBXBuildFile; fileRef = F00053AD130C88D90093E979 /* ZSBool.m */; };
		F0E14250130CAC2300C23ACB /* ZSFloat.m in Sources */ = {isa = PBXBuildFile; fileRef = F00053AF130C88D90093E979 /* ZSFloat.m */; };
		F0E14251130CAC2300C23ACB /* ZSInteger.m in Sources */ = {isa = PBXBuildFile; fileRef = F00053B1130C88D90093E979 /* ZSInteger.m */; };
		F0E14252130CAC2300C23ACB /* ZSKeyValuePair.m in Sources */ = {isa = PBXBuildFile; fileRef = F00053C1130C88F70093E979 /* ZSKeyValuePair.m */; };
		F0E14253130CAC2300C23ACB /* ZSLRUQueueCache.m in Sources */ = {isa = PBXBuildFile; fileRef = F00053B3130C88D90093E979 /* ZSLRUQueueCache.m */; };
		F0E14254130CAC2300C23ACB /* ZSUInteger.m in Sources */ = {isa = PBXBuildFile; fileRef = F00053B5130C88D90093E979 /* ZSUInteger.m */; };
		F0E142B9130CAD6300C23ACB /* gtm copy 1.png in Resources */ = {isa = PBXBuildFile; fileRef = F0E142B5130CAD6300C23ACB /* gtm copy 1.png */; };
		F0E142BA130CAD6300C23ACB /* gtm copy 2.png in Resources */ = {isa = PBXBuildFile; fileRef = F0E142B6130CAD6300C23ACB /* gtm copy 2.png */; };
		F0E142BB130CAD6300C23ACB /* gtm copy 3.png in Resources */ = {isa = PBXBuildFile; fileRef = F0E142B7130CAD6300C23ACB /* gtm copy 3.png */; };
		F0E142BC130CAD6300C23ACB /* gtm.png in Resources */ = {isa = PBXBuildFile; fileRef = F0E142B8130CAD6300C23ACB /* gtm.png */; };
		F0F5C5411450AE1B004072A3 /* NSURL+ZSFoundation.h in Headers */ = {isa = PBXBuildFile; fileRef = F0F5C53F1450AE1B004072A3 /* NSURL+ZSFoundation.h */; };
		F0F5C5421450AE1B004072A3 /* NSURL+ZSFoundation.m in Sources */ = {isa = PBXBuildFile; fileRef = F0F5C5401450AE1B004072A3 /* NSURL+ZSFoundation.m */; };
		F0F5C5431450AE1B004072A3 /* NSURL+ZSFoundation.m in Sources */ = {isa = PBXBuildFile; fileRef = F0F5C5401450AE1B004072A3 /* NSURL+ZSFoundation.m */; };
		F0F5C5451450BF56004072A3 /* ZSImageCache.h in Headers */ = {isa = PBXBuildFile; fileRef = F0F5C53A1450A8BD004072A3 /* ZSImageCache.h */; };
		F0F5C5461450BF5D004072A3 /* ZSImageCache.m in Sources */ = {isa = PBXBuildFile; fileRef = F0F5C53B1450A8BD004072A3 /* ZSImageCache.m */; };
		F0F5C5471450BF5E004072A3 /* ZSImageCache.m in Sources */ = {isa = PBXBuildFile; fileRef = F0F5C53B1450A8BD004072A3 /* ZSImageCache.m */; };
		F0F5C5591451EF87004072A3 /* AbstractCacheStore.h in Headers */ = {isa = PBXBuildFile; fileRef = F0F5C5531451EF87004072A3 /* AbstractCacheStore.h */; };
		F0F5C55A1451EF87004072A3 /* AbstractCacheStore.m in Sources */ = {isa = PBXBuildFile; fileRef = F0F5C5541451EF87004072A3 /* AbstractCacheStore.m */; };
		F0F5C55B1451EF87004072A3 /* AbstractCacheStore.m in Sources */ = {isa = PBXBuildFile; fileRef = F0F5C5541451EF87004072A3 /* AbstractCacheStore.m */; };
		F0F5C55C1451EF87004072A3 /* AbstractSetStore.h in Headers */ = {isa = PBXBuildFile; fileRef = F0F5C5551451EF87004072A3 /* AbstractSetStore.h */; };
		F0F5C55D1451EF87004072A3 /* AbstractSetStore.m in Sources */ = {isa = PBXBuildFile; fileRef = F0F5C5561451EF87004072A3 /* AbstractSetStore.m */; };
		F0F5C55E1451EF87004072A3 /* AbstractSetStore.m in Sources */ = {isa = PBXBuildFile; fileRef = F0F5C5561451EF87004072A3 /* AbstractSetStore.m */; };
		F0F5C55F1451EF87004072A3 /* AbstractStore.h in Headers */ = {isa = PBXBuildFile; fileRef = F0F5C5571451EF87004072A3 /* AbstractStore.h */; };
		F0F5C5601451EF87004072A3 /* AbstractStore.m in Sources */ = {isa = PBXBuildFile; fileRef = F0F5C5581451EF87004072A3 /* AbstractStore.m */; };
		F0F5C5611451EF87004072A3 /* AbstractStore.m in Sources */ = {isa = PBXBuildFile; fileRef = F0F5C5581451EF87004072A3 /* AbstractStore.m */; };
		F0F5C5661451EFC4004072A3 /* TestAbstractStore.m in Sources */ = {isa = PBXBuildFile; fileRef = F0F5C5651451EFC4004072A3 /* TestAbstractStore.m */; };
		F0F5C5691451F093004072A3 /* NSMutableSet+ZSFoundation.h in Headers */ = {isa = PBXBuildFile; fileRef = F0F5C5671451F093004072A3 /* NSMutableSet+ZSFoundation.h */; };
		F0F5C56A1451F093004072A3 /* NSMutableSet+ZSFoundation.m in Sources */ = {isa = PBXBuildFile; fileRef = F0F5C5681451F093004072A3 /* NSMutableSet+ZSFoundation.m */; };
		F0F5C56B1451F093004072A3 /* NSMutableSet+ZSFoundation.m in Sources */ = {isa = PBXBuildFile; fileRef = F0F5C5681451F093004072A3 /* NSMutableSet+ZSFoundation.m */; };
		F0F5C725145B228D004072A3 /* NSObject+ZSFoundation.h in Headers */ = {isa = PBXBuildFile; fileRef = F0F5C723145B228D004072A3 /* NSObject+ZSFoundation.h */; };
		F0F5C726145B228D004072A3 /* NSObject+ZSFoundation.m in Sources */ = {isa = PBXBuildFile; fileRef = F0F5C724145B228D004072A3 /* NSObject+ZSFoundation.m */; };
		F0F5C727145B228D004072A3 /* NSObject+ZSFoundation.m in Sources */ = {isa = PBXBuildFile; fileRef = F0F5C724145B228D004072A3 /* NSObject+ZSFoundation.m */; };
		F0F5C72B145B37DB004072A3 /* NSInvocation+ZSFoundation.h in Headers */ = {isa = PBXBuildFile; fileRef = F0F5C729145B37DA004072A3 /* NSInvocation+ZSFoundation.h */; };
		F0F5C72C145B37DB004072A3 /* NSInvocation+ZSFoundation.m in Sources */ = {isa = PBXBuildFile; fileRef = F0F5C72A145B37DA004072A3 /* NSInvocation+ZSFoundation.m */; };
		F0F5C72D145B37DB004072A3 /* NSInvocation+ZSFoundation.m in Sources */ = {isa = PBXBuildFile; fileRef = F0F5C72A145B37DA004072A3 /* NSInvocation+ZSFoundation.m */; };
/* End PBXBuildFile section */

/* Begin PBXFileReference section */
		910101F4142168CB0046BE13 /* ZSFetchURLOperation.h */ = {isa = PBXFileReference; fileEncoding = 4; lastKnownFileType = sourcecode.c.h; path = ZSFetchURLOperation.h; sourceTree = "<group>"; };
		910101F5142168CB0046BE13 /* ZSFetchURLOperation.m */ = {isa = PBXFileReference; fileEncoding = 4; lastKnownFileType = sourcecode.c.objc; path = ZSFetchURLOperation.m; sourceTree = "<group>"; };
		910509F4138C54B700953807 /* NSData+ZSFoundation.h */ = {isa = PBXFileReference; fileEncoding = 4; lastKnownFileType = sourcecode.c.h; path = "NSData+ZSFoundation.h"; sourceTree = "<group>"; };
		910509F5138C54B700953807 /* NSData+ZSFoundation.m */ = {isa = PBXFileReference; fileEncoding = 4; lastKnownFileType = sourcecode.c.objc; path = "NSData+ZSFoundation.m"; sourceTree = "<group>"; };
		910509FD138C5B7600953807 /* TestUIImage+NSCoding.h */ = {isa = PBXFileReference; fileEncoding = 4; lastKnownFileType = sourcecode.c.h; path = "TestUIImage+NSCoding.h"; sourceTree = "<group>"; };
		910509FE138C5B7600953807 /* TestUIImage+NSCoding.m */ = {isa = PBXFileReference; fileEncoding = 4; lastKnownFileType = sourcecode.c.objc; path = "TestUIImage+NSCoding.m"; sourceTree = "<group>"; };
		91050A02138C5B8C00953807 /* TestNSData+base64encode.h */ = {isa = PBXFileReference; fileEncoding = 4; lastKnownFileType = sourcecode.c.h; path = "TestNSData+base64encode.h"; sourceTree = "<group>"; };
		91050A03138C5B8C00953807 /* TestNSData+base64encode.m */ = {isa = PBXFileReference; fileEncoding = 4; lastKnownFileType = sourcecode.c.objc; path = "TestNSData+base64encode.m"; sourceTree = "<group>"; };
		91050A07138C637200953807 /* NSString+ZSFoundation.h */ = {isa = PBXFileReference; fileEncoding = 4; lastKnownFileType = sourcecode.c.h; path = "NSString+ZSFoundation.h"; sourceTree = "<group>"; };
		91050A08138C637200953807 /* NSString+ZSFoundation.m */ = {isa = PBXFileReference; fileEncoding = 4; lastKnownFileType = sourcecode.c.objc; path = "NSString+ZSFoundation.m"; sourceTree = "<group>"; };
		912AE4EF134F8A2200B1B843 /* UIView+ZSFoundation.h */ = {isa = PBXFileReference; fileEncoding = 4; lastKnownFileType = sourcecode.c.h; path = "UIView+ZSFoundation.h"; sourceTree = "<group>"; };
		912AE4F0134F8A2200B1B843 /* UIView+ZSFoundation.m */ = {isa = PBXFileReference; fileEncoding = 4; lastKnownFileType = sourcecode.c.objc; path = "UIView+ZSFoundation.m"; sourceTree = "<group>"; };
		91D1292E1411BFD6002BC0D5 /* libZSFoundation.a */ = {isa = PBXFileReference; explicitFileType = archive.ar; includeInIndex = 0; path = libZSFoundation.a; sourceTree = BUILT_PRODUCTS_DIR; };
		91E2D514133ABF1800ACB3CE /* ZSDataFetcher.h */ = {isa = PBXFileReference; fileEncoding = 4; lastKnownFileType = sourcecode.c.h; path = ZSDataFetcher.h; sourceTree = "<group>"; };
		91E2D515133ABF1A00ACB3CE /* ZSDataFetcher.m */ = {isa = PBXFileReference; fileEncoding = 4; lastKnownFileType = sourcecode.c.objc; path = ZSDataFetcher.m; sourceTree = "<group>"; };
		91E2D537133C3D0C00ACB3CE /* UIImage+ZSFoundation.h */ = {isa = PBXFileReference; fileEncoding = 4; lastKnownFileType = sourcecode.c.h; path = "UIImage+ZSFoundation.h"; sourceTree = "<group>"; };
		91E2D538133C3D0C00ACB3CE /* UIImage+ZSFoundation.m */ = {isa = PBXFileReference; fileEncoding = 4; lastKnownFileType = sourcecode.c.objc; path = "UIImage+ZSFoundation.m"; sourceTree = "<group>"; };
		AA747D9E0F9514B9006C5449 /* ZSFoundation-Prefix.pch */ = {isa = PBXFileReference; fileEncoding = 4; lastKnownFileType = sourcecode.c.h; path = "ZSFoundation-Prefix.pch"; sourceTree = SOURCE_ROOT; };
		AACBBE490F95108600F1A2B1 /* Foundation.framework */ = {isa = PBXFileReference; lastKnownFileType = wrapper.framework; name = Foundation.framework; path = System/Library/Frameworks/Foundation.framework; sourceTree = SDKROOT; };
		F00053AC130C88D90093E979 /* ZSBool.h */ = {isa = PBXFileReference; fileEncoding = 4; lastKnownFileType = sourcecode.c.h; path = ZSBool.h; sourceTree = "<group>"; };
		F00053AD130C88D90093E979 /* ZSBool.m */ = {isa = PBXFileReference; fileEncoding = 4; lastKnownFileType = sourcecode.c.objc; path = ZSBool.m; sourceTree = "<group>"; };
		F00053AE130C88D90093E979 /* ZSFloat.h */ = {isa = PBXFileReference; fileEncoding = 4; lastKnownFileType = sourcecode.c.h; path = ZSFloat.h; sourceTree = "<group>"; };
		F00053AF130C88D90093E979 /* ZSFloat.m */ = {isa = PBXFileReference; fileEncoding = 4; lastKnownFileType = sourcecode.c.objc; path = ZSFloat.m; sourceTree = "<group>"; };
		F00053B0130C88D90093E979 /* ZSInteger.h */ = {isa = PBXFileReference; fileEncoding = 4; lastKnownFileType = sourcecode.c.h; path = ZSInteger.h; sourceTree = "<group>"; };
		F00053B1130C88D90093E979 /* ZSInteger.m */ = {isa = PBXFileReference; fileEncoding = 4; lastKnownFileType = sourcecode.c.objc; path = ZSInteger.m; sourceTree = "<group>"; };
		F00053B2130C88D90093E979 /* ZSLRUQueueCache.h */ = {isa = PBXFileReference; fileEncoding = 4; lastKnownFileType = sourcecode.c.h; path = ZSLRUQueueCache.h; sourceTree = "<group>"; };
		F00053B3130C88D90093E979 /* ZSLRUQueueCache.m */ = {isa = PBXFileReference; fileEncoding = 4; lastKnownFileType = sourcecode.c.objc; path = ZSLRUQueueCache.m; sourceTree = "<group>"; };
		F00053B4130C88D90093E979 /* ZSUInteger.h */ = {isa = PBXFileReference; fileEncoding = 4; lastKnownFileType = sourcecode.c.h; path = ZSUInteger.h; sourceTree = "<group>"; };
		F00053B5130C88D90093E979 /* ZSUInteger.m */ = {isa = PBXFileReference; fileEncoding = 4; lastKnownFileType = sourcecode.c.objc; path = ZSUInteger.m; sourceTree = "<group>"; };
		F00053C0130C88F70093E979 /* ZSKeyValuePair.h */ = {isa = PBXFileReference; fileEncoding = 4; lastKnownFileType = sourcecode.c.h; path = ZSKeyValuePair.h; sourceTree = "<group>"; };
		F00053C1130C88F70093E979 /* ZSKeyValuePair.m */ = {isa = PBXFileReference; fileEncoding = 4; lastKnownFileType = sourcecode.c.objc; path = ZSKeyValuePair.m; sourceTree = "<group>"; };
		F00053CA130C8AFF0093E979 /* UnitTests.octest */ = {isa = PBXFileReference; explicitFileType = wrapper.cfbundle; includeInIndex = 0; path = UnitTests.octest; sourceTree = BUILT_PRODUCTS_DIR; };
		F00053CB130C8AFF0093E979 /* UnitTests-Info.plist */ = {isa = PBXFileReference; lastKnownFileType = text.plist.xml; path = "UnitTests-Info.plist"; sourceTree = "<group>"; };
		F00053D0130C8B4F0093E979 /* TestZSLRUQueueCache.h */ = {isa = PBXFileReference; fileEncoding = 4; lastKnownFileType = sourcecode.c.h; path = TestZSLRUQueueCache.h; sourceTree = "<group>"; };
		F00053D1130C8B4F0093E979 /* TestZSLRUQueueCache.m */ = {isa = PBXFileReference; fileEncoding = 4; lastKnownFileType = sourcecode.c.objc; path = TestZSLRUQueueCache.m; sourceTree = "<group>"; };
		F00053D4130C8BBB0093E979 /* TestUtility.h */ = {isa = PBXFileReference; fileEncoding = 4; lastKnownFileType = sourcecode.c.h; path = TestUtility.h; sourceTree = "<group>"; };
		F00053D5130C8BBB0093E979 /* TestUtility.m */ = {isa = PBXFileReference; fileEncoding = 4; lastKnownFileType = sourcecode.c.objc; path = TestUtility.m; sourceTree = "<group>"; };
		F07781F3145B7ECD005C06BB /* UINavigationController+ZSFoundation.h */ = {isa = PBXFileReference; fileEncoding = 4; lastKnownFileType = sourcecode.c.h; path = "UINavigationController+ZSFoundation.h"; sourceTree = "<group>"; };
		F07781F4145B7ECD005C06BB /* UINavigationController+ZSFoundation.m */ = {isa = PBXFileReference; fileEncoding = 4; lastKnownFileType = sourcecode.c.objc; path = "UINavigationController+ZSFoundation.m"; sourceTree = "<group>"; };
		F07781F8145B8091005C06BB /* NSDictionary+ZSFoundation.h */ = {isa = PBXFileReference; fileEncoding = 4; lastKnownFileType = sourcecode.c.h; path = "NSDictionary+ZSFoundation.h"; sourceTree = "<group>"; };
		F07781F9145B8092005C06BB /* NSDictionary+ZSFoundation.m */ = {isa = PBXFileReference; fileEncoding = 4; lastKnownFileType = sourcecode.c.objc; path = "NSDictionary+ZSFoundation.m"; sourceTree = "<group>"; };
		F07781FD145B812A005C06BB /* NSArray+ZSFoundation.h */ = {isa = PBXFileReference; fileEncoding = 4; lastKnownFileType = sourcecode.c.h; path = "NSArray+ZSFoundation.h"; sourceTree = "<group>"; };
		F07781FE145B812B005C06BB /* NSArray+ZSFoundation.m */ = {isa = PBXFileReference; fileEncoding = 4; lastKnownFileType = sourcecode.c.objc; path = "NSArray+ZSFoundation.m"; sourceTree = "<group>"; };
		F0778202145B81AB005C06BB /* NSCountedSet+ZSFoundation.h */ = {isa = PBXFileReference; fileEncoding = 4; lastKnownFileType = sourcecode.c.h; path = "NSCountedSet+ZSFoundation.h"; sourceTree = "<group>"; };
		F0778203145B81AB005C06BB /* NSCountedSet+ZSFoundation.m */ = {isa = PBXFileReference; fileEncoding = 4; lastKnownFileType = sourcecode.c.objc; path = "NSCountedSet+ZSFoundation.m"; sourceTree = "<group>"; };
		F0778207145B81E0005C06BB /* NSMutableArray+ZSFoundation.h */ = {isa = PBXFileReference; fileEncoding = 4; lastKnownFileType = sourcecode.c.h; path = "NSMutableArray+ZSFoundation.h"; sourceTree = "<group>"; };
		F0778208145B81E0005C06BB /* NSMutableArray+ZSFoundation.m */ = {isa = PBXFileReference; fileEncoding = 4; lastKnownFileType = sourcecode.c.objc; path = "NSMutableArray+ZSFoundation.m"; sourceTree = "<group>"; };
		F077820C145B8560005C06BB /* UIFont+ZSFoundation.h */ = {isa = PBXFileReference; fileEncoding = 4; lastKnownFileType = sourcecode.c.h; path = "UIFont+ZSFoundation.h"; sourceTree = "<group>"; };
		F077820D145B8560005C06BB /* UIFont+ZSFoundation.m */ = {isa = PBXFileReference; fileEncoding = 4; lastKnownFileType = sourcecode.c.objc; path = "UIFont+ZSFoundation.m"; sourceTree = "<group>"; };
		F0778211145B8596005C06BB /* UITextField+ZSFoundation.h */ = {isa = PBXFileReference; fileEncoding = 4; lastKnownFileType = sourcecode.c.h; path = "UITextField+ZSFoundation.h"; sourceTree = "<group>"; };
		F0778212145B8597005C06BB /* UITextField+ZSFoundation.m */ = {isa = PBXFileReference; fileEncoding = 4; lastKnownFileType = sourcecode.c.objc; path = "UITextField+ZSFoundation.m"; sourceTree = "<group>"; };
		F0778219145B8663005C06BB /* UIDevice+ZSFoundation.h */ = {isa = PBXFileReference; fileEncoding = 4; lastKnownFileType = sourcecode.c.h; path = "UIDevice+ZSFoundation.h"; sourceTree = "<group>"; };
		F077821A145B8664005C06BB /* UIDevice+ZSFoundation.m */ = {isa = PBXFileReference; fileEncoding = 4; lastKnownFileType = sourcecode.c.objc; path = "UIDevice+ZSFoundation.m"; sourceTree = "<group>"; };
		F0778232145B8A1F005C06BB /* TestNSDictionary+ZSFoundation.h */ = {isa = PBXFileReference; fileEncoding = 4; lastKnownFileType = sourcecode.c.h; path = "TestNSDictionary+ZSFoundation.h"; sourceTree = "<group>"; };
		F0778233145B8A1F005C06BB /* TestNSDictionary+ZSFoundation.m */ = {isa = PBXFileReference; fileEncoding = 4; lastKnownFileType = sourcecode.c.objc; path = "TestNSDictionary+ZSFoundation.m"; sourceTree = "<group>"; };
		F0778234145B8A1F005C06BB /* TestNSMutableArray+ZSFoundation.h */ = {isa = PBXFileReference; fileEncoding = 4; lastKnownFileType = sourcecode.c.h; path = "TestNSMutableArray+ZSFoundation.h"; sourceTree = "<group>"; };
		F0778235145B8A1F005C06BB /* TestNSMutableArray+ZSFoundation.m */ = {isa = PBXFileReference; fileEncoding = 4; lastKnownFileType = sourcecode.c.objc; path = "TestNSMutableArray+ZSFoundation.m"; sourceTree = "<group>"; };
		F0778236145B8A1F005C06BB /* TestNSString+ZSFoundation.h */ = {isa = PBXFileReference; fileEncoding = 4; lastKnownFileType = sourcecode.c.h; path = "TestNSString+ZSFoundation.h"; sourceTree = "<group>"; };
		F0778237145B8A1F005C06BB /* TestNSString+ZSFoundation.m */ = {isa = PBXFileReference; fileEncoding = 4; lastKnownFileType = sourcecode.c.objc; path = "TestNSString+ZSFoundation.m"; sourceTree = "<group>"; };
		F0778238145B8A1F005C06BB /* TestNSURL+ZSFoundation.h */ = {isa = PBXFileReference; fileEncoding = 4; lastKnownFileType = sourcecode.c.h; path = "TestNSURL+ZSFoundation.h"; sourceTree = "<group>"; };
		F0778239145B8A1F005C06BB /* TestNSURL+ZSFoundation.m */ = {isa = PBXFileReference; fileEncoding = 4; lastKnownFileType = sourcecode.c.objc; path = "TestNSURL+ZSFoundation.m"; sourceTree = "<group>"; };
		F077823E145B8B67005C06BB /* UIKit.framework */ = {isa = PBXFileReference; lastKnownFileType = wrapper.framework; name = UIKit.framework; path = System/Library/Frameworks/UIKit.framework; sourceTree = SDKROOT; };
		F0778240145B8B8A005C06BB /* CoreGraphics.framework */ = {isa = PBXFileReference; lastKnownFileType = wrapper.framework; name = CoreGraphics.framework; path = System/Library/Frameworks/CoreGraphics.framework; sourceTree = SDKROOT; };
		F0778242145B8DD9005C06BB /* Foundation.framework */ = {isa = PBXFileReference; lastKnownFileType = wrapper.framework; name = Foundation.framework; path = System/Library/Frameworks/Foundation.framework; sourceTree = SDKROOT; };
		F0778244145B8DDE005C06BB /* UIKit.framework */ = {isa = PBXFileReference; lastKnownFileType = wrapper.framework; name = UIKit.framework; path = System/Library/Frameworks/UIKit.framework; sourceTree = SDKROOT; };
		F0778246145B8DE4005C06BB /* CoreGraphics.framework */ = {isa = PBXFileReference; lastKnownFileType = wrapper.framework; name = CoreGraphics.framework; path = System/Library/Frameworks/CoreGraphics.framework; sourceTree = SDKROOT; };
		F0AA573313123D2B00B1809A /* TestZSBool.h */ = {isa = PBXFileReference; fileEncoding = 4; lastKnownFileType = sourcecode.c.h; path = TestZSBool.h; sourceTree = "<group>"; };
		F0AA573413123D2B00B1809A /* TestZSBool.m */ = {isa = PBXFileReference; fileEncoding = 4; lastKnownFileType = sourcecode.c.objc; path = TestZSBool.m; sourceTree = "<group>"; };
		F0AA583913136BF900B1809A /* TestZSFloat.h */ = {isa = PBXFileReference; fileEncoding = 4; lastKnownFileType = sourcecode.c.h; path = TestZSFloat.h; sourceTree = "<group>"; };
		F0AA583A13136BF900B1809A /* TestZSFloat.m */ = {isa = PBXFileReference; fileEncoding = 4; lastKnownFileType = sourcecode.c.objc; path = TestZSFloat.m; sourceTree = "<group>"; };
		F0AA583B13136BF900B1809A /* TestZSInteger.h */ = {isa = PBXFileReference; fileEncoding = 4; lastKnownFileType = sourcecode.c.h; path = TestZSInteger.h; sourceTree = "<group>"; };
		F0AA583C13136BF900B1809A /* TestZSInteger.m */ = {isa = PBXFileReference; fileEncoding = 4; lastKnownFileType = sourcecode.c.objc; path = TestZSInteger.m; sourceTree = "<group>"; };
		F0AA583D13136BF900B1809A /* TestZSUInteger.h */ = {isa = PBXFileReference; fileEncoding = 4; lastKnownFileType = sourcecode.c.h; path = TestZSUInteger.h; sourceTree = "<group>"; };
		F0AA583E13136BF900B1809A /* TestZSUInteger.m */ = {isa = PBXFileReference; fileEncoding = 4; lastKnownFileType = sourcecode.c.objc; path = TestZSUInteger.m; sourceTree = "<group>"; };
		F0AA58EF1314D04C00B1809A /* ZSLowMemoryPool.h */ = {isa = PBXFileReference; fileEncoding = 4; lastKnownFileType = sourcecode.c.h; path = ZSLowMemoryPool.h; sourceTree = "<group>"; };
		F0AA58F01314D04C00B1809A /* ZSLowMemoryPool.m */ = {isa = PBXFileReference; fileEncoding = 4; lastKnownFileType = sourcecode.c.objc; path = ZSLowMemoryPool.m; sourceTree = "<group>"; };
		F0AA58F91314E16500B1809A /* TestZSLowMemoryPool.h */ = {isa = PBXFileReference; fileEncoding = 4; lastKnownFileType = sourcecode.c.h; path = TestZSLowMemoryPool.h; sourceTree = "<group>"; };
		F0AA58FA1314E16500B1809A /* TestZSLowMemoryPool.m */ = {isa = PBXFileReference; fileEncoding = 4; lastKnownFileType = sourcecode.c.objc; path = TestZSLowMemoryPool.m; sourceTree = "<group>"; };
		F0E142B5130CAD6300C23ACB /* gtm copy 1.png */ = {isa = PBXFileReference; lastKnownFileType = image.png; path = "gtm copy 1.png"; sourceTree = "<group>"; };
		F0E142B6130CAD6300C23ACB /* gtm copy 2.png */ = {isa = PBXFileReference; lastKnownFileType = image.png; path = "gtm copy 2.png"; sourceTree = "<group>"; };
		F0E142B7130CAD6300C23ACB /* gtm copy 3.png */ = {isa = PBXFileReference; lastKnownFileType = image.png; path = "gtm copy 3.png"; sourceTree = "<group>"; };
		F0E142B8130CAD6300C23ACB /* gtm.png */ = {isa = PBXFileReference; lastKnownFileType = image.png; path = gtm.png; sourceTree = "<group>"; };
		F0E144DA130CECC000C23ACB /* ZSFoundation.h */ = {isa = PBXFileReference; fileEncoding = 4; lastKnownFileType = sourcecode.c.h; path = ZSFoundation.h; sourceTree = "<group>"; };
		F0E14532130CF34F00C23ACB /* ZSFoundation-Info.plist */ = {isa = PBXFileReference; lastKnownFileType = text.plist.xml; path = "ZSFoundation-Info.plist"; sourceTree = "<group>"; };
		F0F5C53A1450A8BD004072A3 /* ZSImageCache.h */ = {isa = PBXFileReference; fileEncoding = 4; lastKnownFileType = sourcecode.c.h; path = ZSImageCache.h; sourceTree = "<group>"; };
		F0F5C53B1450A8BD004072A3 /* ZSImageCache.m */ = {isa = PBXFileReference; fileEncoding = 4; lastKnownFileType = sourcecode.c.objc; path = ZSImageCache.m; sourceTree = "<group>"; };
		F0F5C53F1450AE1B004072A3 /* NSURL+ZSFoundation.h */ = {isa = PBXFileReference; fileEncoding = 4; lastKnownFileType = sourcecode.c.h; path = "NSURL+ZSFoundation.h"; sourceTree = "<group>"; };
		F0F5C5401450AE1B004072A3 /* NSURL+ZSFoundation.m */ = {isa = PBXFileReference; fileEncoding = 4; lastKnownFileType = sourcecode.c.objc; path = "NSURL+ZSFoundation.m"; sourceTree = "<group>"; };
		F0F5C5531451EF87004072A3 /* AbstractCacheStore.h */ = {isa = PBXFileReference; fileEncoding = 4; lastKnownFileType = sourcecode.c.h; path = AbstractCacheStore.h; sourceTree = "<group>"; };
		F0F5C5541451EF87004072A3 /* AbstractCacheStore.m */ = {isa = PBXFileReference; fileEncoding = 4; lastKnownFileType = sourcecode.c.objc; path = AbstractCacheStore.m; sourceTree = "<group>"; };
		F0F5C5551451EF87004072A3 /* AbstractSetStore.h */ = {isa = PBXFileReference; fileEncoding = 4; lastKnownFileType = sourcecode.c.h; path = AbstractSetStore.h; sourceTree = "<group>"; };
		F0F5C5561451EF87004072A3 /* AbstractSetStore.m */ = {isa = PBXFileReference; fileEncoding = 4; lastKnownFileType = sourcecode.c.objc; path = AbstractSetStore.m; sourceTree = "<group>"; };
		F0F5C5571451EF87004072A3 /* AbstractStore.h */ = {isa = PBXFileReference; fileEncoding = 4; lastKnownFileType = sourcecode.c.h; path = AbstractStore.h; sourceTree = "<group>"; };
		F0F5C5581451EF87004072A3 /* AbstractStore.m */ = {isa = PBXFileReference; fileEncoding = 4; lastKnownFileType = sourcecode.c.objc; path = AbstractStore.m; sourceTree = "<group>"; };
		F0F5C5641451EFC4004072A3 /* TestAbstractStore.h */ = {isa = PBXFileReference; fileEncoding = 4; lastKnownFileType = sourcecode.c.h; path = TestAbstractStore.h; sourceTree = "<group>"; };
		F0F5C5651451EFC4004072A3 /* TestAbstractStore.m */ = {isa = PBXFileReference; fileEncoding = 4; lastKnownFileType = sourcecode.c.objc; path = TestAbstractStore.m; sourceTree = "<group>"; };
		F0F5C5671451F093004072A3 /* NSMutableSet+ZSFoundation.h */ = {isa = PBXFileReference; fileEncoding = 4; lastKnownFileType = sourcecode.c.h; path = "NSMutableSet+ZSFoundation.h"; sourceTree = "<group>"; };
		F0F5C5681451F093004072A3 /* NSMutableSet+ZSFoundation.m */ = {isa = PBXFileReference; fileEncoding = 4; lastKnownFileType = sourcecode.c.objc; path = "NSMutableSet+ZSFoundation.m"; sourceTree = "<group>"; };
		F0F5C723145B228D004072A3 /* NSObject+ZSFoundation.h */ = {isa = PBXFileReference; fileEncoding = 4; lastKnownFileType = sourcecode.c.h; path = "NSObject+ZSFoundation.h"; sourceTree = "<group>"; };
		F0F5C724145B228D004072A3 /* NSObject+ZSFoundation.m */ = {isa = PBXFileReference; fileEncoding = 4; lastKnownFileType = sourcecode.c.objc; path = "NSObject+ZSFoundation.m"; sourceTree = "<group>"; };
		F0F5C729145B37DA004072A3 /* NSInvocation+ZSFoundation.h */ = {isa = PBXFileReference; fileEncoding = 4; lastKnownFileType = sourcecode.c.h; path = "NSInvocation+ZSFoundation.h"; sourceTree = "<group>"; };
		F0F5C72A145B37DA004072A3 /* NSInvocation+ZSFoundation.m */ = {isa = PBXFileReference; fileEncoding = 4; lastKnownFileType = sourcecode.c.objc; path = "NSInvocation+ZSFoundation.m"; sourceTree = "<group>"; };
/* End PBXFileReference section */

/* Begin PBXFrameworksBuildPhase section */
		91D1292B1411BFD6002BC0D5 /* Frameworks */ = {
			isa = PBXFrameworksBuildPhase;
			buildActionMask = 2147483647;
			files = (
				91D1292F1411BFD6002BC0D5 /* Foundation.framework in Frameworks */,
				F0778241145B8B8B005C06BB /* CoreGraphics.framework in Frameworks */,
				F077823F145B8B68005C06BB /* UIKit.framework in Frameworks */,
			);
			runOnlyForDeploymentPostprocessing = 0;
		};
		F00053C7130C8AFF0093E979 /* Frameworks */ = {
			isa = PBXFrameworksBuildPhase;
			buildActionMask = 2147483647;
			files = (
				F0778243145B8DDA005C06BB /* Foundation.framework in Frameworks */,
				F0778247145B8DE5005C06BB /* CoreGraphics.framework in Frameworks */,
				F0778245145B8DDF005C06BB /* UIKit.framework in Frameworks */,
			);
			runOnlyForDeploymentPostprocessing = 0;
		};
/* End PBXFrameworksBuildPhase section */

/* Begin PBXGroup section */
		034768DFFF38A50411DB9C8B /* Products */ = {
			isa = PBXGroup;
			children = (
				F00053CA130C8AFF0093E979 /* UnitTests.octest */,
				91D1292E1411BFD6002BC0D5 /* libZSFoundation.a */,
			);
			name = Products;
			sourceTree = "<group>";
		};
		0867D691FE84028FC02AAC07 /* ZSFoundation */ = {
			isa = PBXGroup;
			children = (
				F0778246145B8DE4005C06BB /* CoreGraphics.framework */,
				F0778244145B8DDE005C06BB /* UIKit.framework */,
				F0778242145B8DD9005C06BB /* Foundation.framework */,
				F0778240145B8B8A005C06BB /* CoreGraphics.framework */,
				F077823E145B8B67005C06BB /* UIKit.framework */,
				AA747D9E0F9514B9006C5449 /* ZSFoundation-Prefix.pch */,
				91E2D536133C3CBE00ACB3CE /* Categories */,
				F00053AB130C88D90093E979 /* Classes */,
				F00053CF130C8B260093E979 /* UnitTests */,
				0867D69AFE84028FC02AAC07 /* Frameworks */,
				034768DFFF38A50411DB9C8B /* Products */,
				F00053CB130C8AFF0093E979 /* UnitTests-Info.plist */,
				F0E14532130CF34F00C23ACB /* ZSFoundation-Info.plist */,
			);
			name = ZSFoundation;
			sourceTree = "<group>";
		};
		0867D69AFE84028FC02AAC07 /* Frameworks */ = {
			isa = PBXGroup;
			children = (
				AACBBE490F95108600F1A2B1 /* Foundation.framework */,
			);
			name = Frameworks;
			sourceTree = "<group>";
		};
		910509FC138C5B5C00953807 /* Categories */ = {
			isa = PBXGroup;
			children = (
				910509FD138C5B7600953807 /* TestUIImage+NSCoding.h */,
				910509FE138C5B7600953807 /* TestUIImage+NSCoding.m */,
				91050A02138C5B8C00953807 /* TestNSData+base64encode.h */,
				91050A03138C5B8C00953807 /* TestNSData+base64encode.m */,
				F0778232145B8A1F005C06BB /* TestNSDictionary+ZSFoundation.h */,
				F0778233145B8A1F005C06BB /* TestNSDictionary+ZSFoundation.m */,
				F0778234145B8A1F005C06BB /* TestNSMutableArray+ZSFoundation.h */,
				F0778235145B8A1F005C06BB /* TestNSMutableArray+ZSFoundation.m */,
				F0778236145B8A1F005C06BB /* TestNSString+ZSFoundation.h */,
				F0778237145B8A1F005C06BB /* TestNSString+ZSFoundation.m */,
				F0778238145B8A1F005C06BB /* TestNSURL+ZSFoundation.h */,
				F0778239145B8A1F005C06BB /* TestNSURL+ZSFoundation.m */,
			);
			path = Categories;
			sourceTree = "<group>";
		};
		91E2D536133C3CBE00ACB3CE /* Categories */ = {
			isa = PBXGroup;
			children = (
				F07781FD145B812A005C06BB /* NSArray+ZSFoundation.h */,
				F07781FE145B812B005C06BB /* NSArray+ZSFoundation.m */,
				F0778202145B81AB005C06BB /* NSCountedSet+ZSFoundation.h */,
				F0778203145B81AB005C06BB /* NSCountedSet+ZSFoundation.m */,
				910509F4138C54B700953807 /* NSData+ZSFoundation.h */,
				910509F5138C54B700953807 /* NSData+ZSFoundation.m */,
				F07781F8145B8091005C06BB /* NSDictionary+ZSFoundation.h */,
				F07781F9145B8092005C06BB /* NSDictionary+ZSFoundation.m */,
				F0F5C729145B37DA004072A3 /* NSInvocation+ZSFoundation.h */,
				F0F5C72A145B37DA004072A3 /* NSInvocation+ZSFoundation.m */,
				F0778207145B81E0005C06BB /* NSMutableArray+ZSFoundation.h */,
				F0778208145B81E0005C06BB /* NSMutableArray+ZSFoundation.m */,
				F0F5C5671451F093004072A3 /* NSMutableSet+ZSFoundation.h */,
				F0F5C5681451F093004072A3 /* NSMutableSet+ZSFoundation.m */,
				F0F5C723145B228D004072A3 /* NSObject+ZSFoundation.h */,
				F0F5C724145B228D004072A3 /* NSObject+ZSFoundation.m */,
				91050A07138C637200953807 /* NSString+ZSFoundation.h */,
				91050A08138C637200953807 /* NSString+ZSFoundation.m */,
				F0F5C53F1450AE1B004072A3 /* NSURL+ZSFoundation.h */,
				F0F5C5401450AE1B004072A3 /* NSURL+ZSFoundation.m */,
				F0778219145B8663005C06BB /* UIDevice+ZSFoundation.h */,
				F077821A145B8664005C06BB /* UIDevice+ZSFoundation.m */,
				F077820C145B8560005C06BB /* UIFont+ZSFoundation.h */,
				F077820D145B8560005C06BB /* UIFont+ZSFoundation.m */,
				91E2D537133C3D0C00ACB3CE /* UIImage+ZSFoundation.h */,
				91E2D538133C3D0C00ACB3CE /* UIImage+ZSFoundation.m */,
				F07781F3145B7ECD005C06BB /* UINavigationController+ZSFoundation.h */,
				F07781F4145B7ECD005C06BB /* UINavigationController+ZSFoundation.m */,
				F0778211145B8596005C06BB /* UITextField+ZSFoundation.h */,
				F0778212145B8597005C06BB /* UITextField+ZSFoundation.m */,
				912AE4EF134F8A2200B1B843 /* UIView+ZSFoundation.h */,
				912AE4F0134F8A2200B1B843 /* UIView+ZSFoundation.m */,
			);
			path = Categories;
			sourceTree = "<group>";
		};
		F00053AB130C88D90093E979 /* Classes */ = {
			isa = PBXGroup;
			children = (
				F0F5C5521451EF87004072A3 /* Stores */,
				F00053AC130C88D90093E979 /* ZSBool.h */,
				F00053AD130C88D90093E979 /* ZSBool.m */,
				91E2D514133ABF1800ACB3CE /* ZSDataFetcher.h */,
				91E2D515133ABF1A00ACB3CE /* ZSDataFetcher.m */,
				910101F4142168CB0046BE13 /* ZSFetchURLOperation.h */,
				910101F5142168CB0046BE13 /* ZSFetchURLOperation.m */,
				F00053AE130C88D90093E979 /* ZSFloat.h */,
				F00053AF130C88D90093E979 /* ZSFloat.m */,
				F0F5C53A1450A8BD004072A3 /* ZSImageCache.h */,
				F0F5C53B1450A8BD004072A3 /* ZSImageCache.m */,
				F00053B0130C88D90093E979 /* ZSInteger.h */,
				F00053B1130C88D90093E979 /* ZSInteger.m */,
				F00053C0130C88F70093E979 /* ZSKeyValuePair.h */,
				F00053C1130C88F70093E979 /* ZSKeyValuePair.m */,
				F0AA58EF1314D04C00B1809A /* ZSLowMemoryPool.h */,
				F0AA58F01314D04C00B1809A /* ZSLowMemoryPool.m */,
				F00053B2130C88D90093E979 /* ZSLRUQueueCache.h */,
				F00053B3130C88D90093E979 /* ZSLRUQueueCache.m */,
				F00053B4130C88D90093E979 /* ZSUInteger.h */,
				F00053B5130C88D90093E979 /* ZSUInteger.m */,
				F0E144DA130CECC000C23ACB /* ZSFoundation.h */,
			);
			path = Classes;
			sourceTree = "<group>";
		};
		F00053CF130C8B260093E979 /* UnitTests */ = {
			isa = PBXGroup;
			children = (
				910509FC138C5B5C00953807 /* Categories */,
				F0E142B3130CAD3300C23ACB /* Resources */,
				F0F5C5631451EFC4004072A3 /* Stores */,
				F00053D3130C8BAA0093E979 /* Utilities */,
				F0AA573313123D2B00B1809A /* TestZSBool.h */,
				F0AA573413123D2B00B1809A /* TestZSBool.m */,
				F0AA583913136BF900B1809A /* TestZSFloat.h */,
				F0AA583A13136BF900B1809A /* TestZSFloat.m */,
				F0AA583B13136BF900B1809A /* TestZSInteger.h */,
				F0AA583C13136BF900B1809A /* TestZSInteger.m */,
				F0AA58F91314E16500B1809A /* TestZSLowMemoryPool.h */,
				F0AA58FA1314E16500B1809A /* TestZSLowMemoryPool.m */,
				F00053D0130C8B4F0093E979 /* TestZSLRUQueueCache.h */,
				F00053D1130C8B4F0093E979 /* TestZSLRUQueueCache.m */,
				F0AA583D13136BF900B1809A /* TestZSUInteger.h */,
				F0AA583E13136BF900B1809A /* TestZSUInteger.m */,
			);
			path = UnitTests;
			sourceTree = "<group>";
		};
		F00053D3130C8BAA0093E979 /* Utilities */ = {
			isa = PBXGroup;
			children = (
				F00053D4130C8BBB0093E979 /* TestUtility.h */,
				F00053D5130C8BBB0093E979 /* TestUtility.m */,
			);
			path = Utilities;
			sourceTree = "<group>";
		};
		F0E142B3130CAD3300C23ACB /* Resources */ = {
			isa = PBXGroup;
			children = (
				F0E142B5130CAD6300C23ACB /* gtm copy 1.png */,
				F0E142B6130CAD6300C23ACB /* gtm copy 2.png */,
				F0E142B7130CAD6300C23ACB /* gtm copy 3.png */,
				F0E142B8130CAD6300C23ACB /* gtm.png */,
			);
			path = Resources;
			sourceTree = "<group>";
		};
		F0F5C5521451EF87004072A3 /* Stores */ = {
			isa = PBXGroup;
			children = (
				F0F5C5531451EF87004072A3 /* AbstractCacheStore.h */,
				F0F5C5541451EF87004072A3 /* AbstractCacheStore.m */,
				F0F5C5551451EF87004072A3 /* AbstractSetStore.h */,
				F0F5C5561451EF87004072A3 /* AbstractSetStore.m */,
				F0F5C5571451EF87004072A3 /* AbstractStore.h */,
				F0F5C5581451EF87004072A3 /* AbstractStore.m */,
			);
			path = Stores;
			sourceTree = "<group>";
		};
		F0F5C5631451EFC4004072A3 /* Stores */ = {
			isa = PBXGroup;
			children = (
				F0F5C5641451EFC4004072A3 /* TestAbstractStore.h */,
				F0F5C5651451EFC4004072A3 /* TestAbstractStore.m */,
			);
			path = Stores;
			sourceTree = "<group>";
		};
/* End PBXGroup section */

/* Begin PBXHeadersBuildPhase section */
		91D1292C1411BFD6002BC0D5 /* Headers */ = {
			isa = PBXHeadersBuildPhase;
			buildActionMask = 2147483647;
			files = (
				91DE1D131411C42B004E9579 /* ZSBool.h in Headers */,
				91DE1D151411C42B004E9579 /* ZSDataFetcher.h in Headers */,
				91DE1D171411C42B004E9579 /* ZSFloat.h in Headers */,
				91DE1D191411C42B004E9579 /* ZSInteger.h in Headers */,
				91DE1D1B1411C42B004E9579 /* ZSKeyValuePair.h in Headers */,
				91DE1D1D1411C42B004E9579 /* ZSLowMemoryPool.h in Headers */,
				91DE1D1F1411C42B004E9579 /* ZSLRUQueueCache.h in Headers */,
				91DE1D211411C42B004E9579 /* ZSUInteger.h in Headers */,
				91DE1D231411C42B004E9579 /* ZSFoundation.h in Headers */,
				91DE1D251411C42F004E9579 /* NSData+ZSFoundation.h in Headers */,
				91DE1D271411C42F004E9579 /* NSString+ZSFoundation.h in Headers */,
				91DE1D291411C42F004E9579 /* UIImage+ZSFoundation.h in Headers */,
				91DE1D2B1411C42F004E9579 /* UIView+ZSFoundation.h in Headers */,
				910101F6142168CB0046BE13 /* ZSFetchURLOperation.h in Headers */,
				F0F5C5411450AE1B004072A3 /* NSURL+ZSFoundation.h in Headers */,
				F0F5C5451450BF56004072A3 /* ZSImageCache.h in Headers */,
				F0F5C5591451EF87004072A3 /* AbstractCacheStore.h in Headers */,
				F0F5C55C1451EF87004072A3 /* AbstractSetStore.h in Headers */,
				F0F5C55F1451EF87004072A3 /* AbstractStore.h in Headers */,
				F0F5C5691451F093004072A3 /* NSMutableSet+ZSFoundation.h in Headers */,
				F0F5C725145B228D004072A3 /* NSObject+ZSFoundation.h in Headers */,
				F0F5C72B145B37DB004072A3 /* NSInvocation+ZSFoundation.h in Headers */,
				F07781F5145B7ECE005C06BB /* UINavigationController+ZSFoundation.h in Headers */,
				F07781FA145B8092005C06BB /* NSDictionary+ZSFoundation.h in Headers */,
				F07781FF145B812B005C06BB /* NSArray+ZSFoundation.h in Headers */,
				F0778204145B81AC005C06BB /* NSCountedSet+ZSFoundation.h in Headers */,
				F0778209145B81E1005C06BB /* NSMutableArray+ZSFoundation.h in Headers */,
				F077820E145B8561005C06BB /* UIFont+ZSFoundation.h in Headers */,
				F0778213145B8598005C06BB /* UITextField+ZSFoundation.h in Headers */,
				F077821B145B8665005C06BB /* UIDevice+ZSFoundation.h in Headers */,
			);
			runOnlyForDeploymentPostprocessing = 0;
		};
/* End PBXHeadersBuildPhase section */

/* Begin PBXNativeTarget section */
		91D1292D1411BFD6002BC0D5 /* ZSFoundation */ = {
			isa = PBXNativeTarget;
			buildConfigurationList = 91D129331411BFD6002BC0D5 /* Build configuration list for PBXNativeTarget "ZSFoundation" */;
			buildPhases = (
				91D1292A1411BFD6002BC0D5 /* Sources */,
				91D1292B1411BFD6002BC0D5 /* Frameworks */,
				91D1292C1411BFD6002BC0D5 /* Headers */,
			);
			buildRules = (
			);
			dependencies = (
			);
			name = ZSFoundation;
			productName = ZSFoundation;
			productReference = 91D1292E1411BFD6002BC0D5 /* libZSFoundation.a */;
			productType = "com.apple.product-type.library.static";
		};
		F00053C9130C8AFF0093E979 /* ZSFoundationUnitTests */ = {
			isa = PBXNativeTarget;
			buildConfigurationList = F00053CE130C8B000093E979 /* Build configuration list for PBXNativeTarget "ZSFoundationUnitTests" */;
			buildPhases = (
				F00053C5130C8AFF0093E979 /* Resources */,
				F00053C6130C8AFF0093E979 /* Sources */,
				F00053C7130C8AFF0093E979 /* Frameworks */,
				F00053C8130C8AFF0093E979 /* ShellScript */,
			);
			buildRules = (
			);
			dependencies = (
			);
			name = ZSFoundationUnitTests;
			productName = UnitTests;
			productReference = F00053CA130C8AFF0093E979 /* UnitTests.octest */;
			productType = "com.apple.product-type.bundle";
		};
/* End PBXNativeTarget section */

/* Begin PBXProject section */
		0867D690FE84028FC02AAC07 /* Project object */ = {
			isa = PBXProject;
			attributes = {
				LastUpgradeCheck = 0420;
			};
			buildConfigurationList = 1DEB922208733DC00010E9CD /* Build configuration list for PBXProject "ZSFoundation" */;
			compatibilityVersion = "Xcode 3.2";
			developmentRegion = English;
			hasScannedForEncodings = 1;
			knownRegions = (
				English,
				Japanese,
				French,
				German,
			);
			mainGroup = 0867D691FE84028FC02AAC07 /* ZSFoundation */;
			productRefGroup = 034768DFFF38A50411DB9C8B /* Products */;
			projectDirPath = "";
			projectRoot = "";
			targets = (
				91D1292D1411BFD6002BC0D5 /* ZSFoundation */,
				F00053C9130C8AFF0093E979 /* ZSFoundationUnitTests */,
			);
		};
/* End PBXProject section */

/* Begin PBXResourcesBuildPhase section */
		F00053C5130C8AFF0093E979 /* Resources */ = {
			isa = PBXResourcesBuildPhase;
			buildActionMask = 2147483647;
			files = (
				F0E142B9130CAD6300C23ACB /* gtm copy 1.png in Resources */,
				F0E142BA130CAD6300C23ACB /* gtm copy 2.png in Resources */,
				F0E142BB130CAD6300C23ACB /* gtm copy 3.png in Resources */,
				F0E142BC130CAD6300C23ACB /* gtm.png in Resources */,
			);
			runOnlyForDeploymentPostprocessing = 0;
		};
/* End PBXResourcesBuildPhase section */

/* Begin PBXShellScriptBuildPhase section */
		F00053C8130C8AFF0093E979 /* ShellScript */ = {
			isa = PBXShellScriptBuildPhase;
			buildActionMask = 2147483647;
			files = (
			);
			inputPaths = (
			);
			outputPaths = (
			);
			runOnlyForDeploymentPostprocessing = 0;
			shellPath = /bin/sh;
			shellScript = "# Run the unit tests in this test bundle.\n\"${SYSTEM_DEVELOPER_DIR}/Tools/RunUnitTests\"\n";
		};
/* End PBXShellScriptBuildPhase section */

/* Begin PBXSourcesBuildPhase section */
		91D1292A1411BFD6002BC0D5 /* Sources */ = {
			isa = PBXSourcesBuildPhase;
			buildActionMask = 2147483647;
			files = (
				91DE1D141411C42B004E9579 /* ZSBool.m in Sources */,
				91DE1D161411C42B004E9579 /* ZSDataFetcher.m in Sources */,
				91DE1D181411C42B004E9579 /* ZSFloat.m in Sources */,
				91DE1D1A1411C42B004E9579 /* ZSInteger.m in Sources */,
				91DE1D1C1411C42B004E9579 /* ZSKeyValuePair.m in Sources */,
				91DE1D1E1411C42B004E9579 /* ZSLowMemoryPool.m in Sources */,
				91DE1D201411C42B004E9579 /* ZSLRUQueueCache.m in Sources */,
				91DE1D221411C42B004E9579 /* ZSUInteger.m in Sources */,
				91DE1D261411C42F004E9579 /* NSData+ZSFoundation.m in Sources */,
				91DE1D281411C42F004E9579 /* NSString+ZSFoundation.m in Sources */,
				91DE1D2A1411C42F004E9579 /* UIImage+ZSFoundation.m in Sources */,
				91DE1D2C1411C42F004E9579 /* UIView+ZSFoundation.m in Sources */,
				910101F7142168CB0046BE13 /* ZSFetchURLOperation.m in Sources */,
				F0F5C5421450AE1B004072A3 /* NSURL+ZSFoundation.m in Sources */,
				F0F5C5461450BF5D004072A3 /* ZSImageCache.m in Sources */,
				F0F5C55A1451EF87004072A3 /* AbstractCacheStore.m in Sources */,
				F0F5C55D1451EF87004072A3 /* AbstractSetStore.m in Sources */,
				F0F5C5601451EF87004072A3 /* AbstractStore.m in Sources */,
				F0F5C56A1451F093004072A3 /* NSMutableSet+ZSFoundation.m in Sources */,
				F0F5C726145B228D004072A3 /* NSObject+ZSFoundation.m in Sources */,
				F0F5C72C145B37DB004072A3 /* NSInvocation+ZSFoundation.m in Sources */,
				F07781F6145B7ECE005C06BB /* UINavigationController+ZSFoundation.m in Sources */,
				F07781FB145B8092005C06BB /* NSDictionary+ZSFoundation.m in Sources */,
				F0778200145B812B005C06BB /* NSArray+ZSFoundation.m in Sources */,
				F0778205145B81AC005C06BB /* NSCountedSet+ZSFoundation.m in Sources */,
				F077820A145B81E1005C06BB /* NSMutableArray+ZSFoundation.m in Sources */,
				F077820F145B8561005C06BB /* UIFont+ZSFoundation.m in Sources */,
				F0778214145B8598005C06BB /* UITextField+ZSFoundation.m in Sources */,
				F077821C145B8665005C06BB /* UIDevice+ZSFoundation.m in Sources */,
			);
			runOnlyForDeploymentPostprocessing = 0;
		};
		F00053C6130C8AFF0093E979 /* Sources */ = {
			isa = PBXSourcesBuildPhase;
			buildActionMask = 2147483647;
			files = (
				F00053D6130C8BBB0093E979 /* TestUtility.m in Sources */,
				F0E14236130CAB1B00C23ACB /* TestZSLRUQueueCache.m in Sources */,
				F0E1424F130CAC2300C23ACB /* ZSBool.m in Sources */,
				F0E14250130CAC2300C23ACB /* ZSFloat.m in Sources */,
				F0E14251130CAC2300C23ACB /* ZSInteger.m in Sources */,
				F0E14252130CAC2300C23ACB /* ZSKeyValuePair.m in Sources */,
				F0E14253130CAC2300C23ACB /* ZSLRUQueueCache.m in Sources */,
				F0E14254130CAC2300C23ACB /* ZSUInteger.m in Sources */,
				F0AA580C13136A9300B1809A /* TestZSBool.m in Sources */,
				F0AA583F13136BF900B1809A /* TestZSFloat.m in Sources */,
				F0AA584013136BF900B1809A /* TestZSInteger.m in Sources */,
				F0AA584113136BF900B1809A /* TestZSUInteger.m in Sources */,
				F0AA58F11314D04C00B1809A /* ZSLowMemoryPool.m in Sources */,
				F0AA58FB1314E16500B1809A /* TestZSLowMemoryPool.m in Sources */,
				91E2D518133ABF1E00ACB3CE /* ZSDataFetcher.m in Sources */,
				91E2D53C133C3D0C00ACB3CE /* UIImage+ZSFoundation.m in Sources */,
				912AE4F3134F8A2900B1B843 /* UIView+ZSFoundation.m in Sources */,
				910509F8138C54C000953807 /* NSData+ZSFoundation.m in Sources */,
				91050A01138C5B7600953807 /* TestUIImage+NSCoding.m in Sources */,
				91050A06138C5B8C00953807 /* TestNSData+base64encode.m in Sources */,
				91050A0B138C637200953807 /* NSString+ZSFoundation.m in Sources */,
				910101F9142168E50046BE13 /* ZSFetchURLOperation.m in Sources */,
				F0F5C5431450AE1B004072A3 /* NSURL+ZSFoundation.m in Sources */,
				F0F5C5471450BF5E004072A3 /* ZSImageCache.m in Sources */,
				F0F5C55B1451EF87004072A3 /* AbstractCacheStore.m in Sources */,
				F0F5C55E1451EF87004072A3 /* AbstractSetStore.m in Sources */,
				F0F5C5611451EF87004072A3 /* AbstractStore.m in Sources */,
				F0F5C5661451EFC4004072A3 /* TestAbstractStore.m in Sources */,
				F0F5C56B1451F093004072A3 /* NSMutableSet+ZSFoundation.m in Sources */,
				F0F5C727145B228D004072A3 /* NSObject+ZSFoundation.m in Sources */,
				F0F5C72D145B37DB004072A3 /* NSInvocation+ZSFoundation.m in Sources */,
				F07781F7145B7ECE005C06BB /* UINavigationController+ZSFoundation.m in Sources */,
				F07781FC145B8092005C06BB /* NSDictionary+ZSFoundation.m in Sources */,
				F0778201145B812B005C06BB /* NSArray+ZSFoundation.m in Sources */,
				F0778206145B81AC005C06BB /* NSCountedSet+ZSFoundation.m in Sources */,
				F077820B145B81E1005C06BB /* NSMutableArray+ZSFoundation.m in Sources */,
				F0778210145B8561005C06BB /* UIFont+ZSFoundation.m in Sources */,
				F0778215145B8598005C06BB /* UITextField+ZSFoundation.m in Sources */,
				F077821D145B8665005C06BB /* UIDevice+ZSFoundation.m in Sources */,
				F077823A145B8A1F005C06BB /* TestNSDictionary+ZSFoundation.m in Sources */,
				F077823B145B8A1F005C06BB /* TestNSMutableArray+ZSFoundation.m in Sources */,
				F077823C145B8A1F005C06BB /* TestNSString+ZSFoundation.m in Sources */,
				F077823D145B8A1F005C06BB /* TestNSURL+ZSFoundation.m in Sources */,
			);
			runOnlyForDeploymentPostprocessing = 0;
		};
/* End PBXSourcesBuildPhase section */

/* Begin XCBuildConfiguration section */
		1DEB922308733DC00010E9CD /* Debug */ = {
			isa = XCBuildConfiguration;
			buildSettings = {
				ARCHS = "$(ARCHS_STANDARD_32_BIT)";
				GCC_C_LANGUAGE_STANDARD = c99;
				GCC_OPTIMIZATION_LEVEL = 0;
				GCC_VERSION = com.apple.compilers.llvm.clang.1_0;
				GCC_WARN_ABOUT_RETURN_TYPE = YES;
				GCC_WARN_UNUSED_VARIABLE = YES;
				IPHONEOS_DEPLOYMENT_TARGET = 3.1;
				OTHER_LDFLAGS = (
					"-ObjC",
					"-all_load",
				);
				SDKROOT = iphoneos;
				SKIP_INSTALL = YES;
			};
			name = Debug;
		};
		1DEB922408733DC00010E9CD /* Release */ = {
			isa = XCBuildConfiguration;
			buildSettings = {
				ARCHS = "$(ARCHS_STANDARD_32_BIT)";
				GCC_C_LANGUAGE_STANDARD = c99;
				GCC_VERSION = com.apple.compilers.llvm.clang.1_0;
				GCC_WARN_ABOUT_RETURN_TYPE = YES;
				GCC_WARN_UNUSED_VARIABLE = YES;
				OTHER_LDFLAGS = (
					"-ObjC",
					"-all_load",
				);
				SDKROOT = iphoneos;
				SKIP_INSTALL = YES;
			};
			name = Release;
		};
		91D129341411BFD6002BC0D5 /* Debug */ = {
			isa = XCBuildConfiguration;
			buildSettings = {
				ALWAYS_SEARCH_USER_PATHS = NO;
				DSTROOT = /tmp/ZSFoundation.dst;
				GCC_C_LANGUAGE_STANDARD = gnu99;
				GCC_PRECOMPILE_PREFIX_HEADER = YES;
				GCC_PREFIX_HEADER = "ZSFoundation-Prefix.pch";
				GCC_PREPROCESSOR_DEFINITIONS = DEBUG;
				GCC_SYMBOLS_PRIVATE_EXTERN = NO;
				GCC_VERSION = com.apple.compilers.llvm.clang.1_0;
				IPHONEOS_DEPLOYMENT_TARGET = 3.1;
				OTHER_LDFLAGS = "-ObjC";
				PRODUCT_NAME = "$(TARGET_NAME)";
				SDKROOT = iphoneos;
			};
			name = Debug;
		};
		91D129351411BFD6002BC0D5 /* Release */ = {
			isa = XCBuildConfiguration;
			buildSettings = {
				ALWAYS_SEARCH_USER_PATHS = NO;
				DSTROOT = /tmp/ZSFoundation.dst;
				GCC_C_LANGUAGE_STANDARD = gnu99;
				GCC_PRECOMPILE_PREFIX_HEADER = YES;
				GCC_PREFIX_HEADER = "ZSFoundation-Prefix.pch";
				GCC_VERSION = com.apple.compilers.llvm.clang.1_0;
				IPHONEOS_DEPLOYMENT_TARGET = 3.1;
				OTHER_LDFLAGS = "-ObjC";
				PRODUCT_NAME = "$(TARGET_NAME)";
				SDKROOT = iphoneos;
			};
			name = Release;
		};
		F00053CC130C8B000093E979 /* Debug */ = {
			isa = XCBuildConfiguration;
			buildSettings = {
				ALWAYS_SEARCH_USER_PATHS = NO;
				"CODE_SIGN_IDENTITY[sdk=iphoneos*]" = "";
				COPY_PHASE_STRIP = NO;
				FRAMEWORK_SEARCH_PATHS = (
					"\"$(SDKROOT)/Developer/Library/Frameworks\"",
					"\"$(DEVELOPER_LIBRARY_DIR)/Frameworks\"",
				);
				GCC_DYNAMIC_NO_PIC = NO;
				GCC_ENABLE_OBJC_EXCEPTIONS = YES;
				GCC_OPTIMIZATION_LEVEL = 0;
				GCC_VERSION = com.apple.compilers.llvm.clang.1_0;
				INFOPLIST_FILE = "UnitTests-Info.plist";
				OTHER_LDFLAGS = (
					"-framework",
					Foundation,
					"-framework",
					SenTestingKit,
					"-framework",
					UIKit,
				);
				PRODUCT_NAME = UnitTests;
				SDKROOT = iphoneos;
				TEST_AFTER_BUILD = YES;
				WRAPPER_EXTENSION = octest;
			};
			name = Debug;
		};
		F00053CD130C8B000093E979 /* Release */ = {
			isa = XCBuildConfiguration;
			buildSettings = {
				ALWAYS_SEARCH_USER_PATHS = NO;
				"CODE_SIGN_IDENTITY[sdk=iphoneos*]" = "";
				COPY_PHASE_STRIP = YES;
				DEBUG_INFORMATION_FORMAT = "dwarf-with-dsym";
				FRAMEWORK_SEARCH_PATHS = (
					"\"$(SDKROOT)/Developer/Library/Frameworks\"",
					"\"$(DEVELOPER_LIBRARY_DIR)/Frameworks\"",
				);
				GCC_ENABLE_OBJC_EXCEPTIONS = YES;
				GCC_VERSION = com.apple.compilers.llvm.clang.1_0;
				INFOPLIST_FILE = "UnitTests-Info.plist";
				IPHONEOS_DEPLOYMENT_TARGET = 3.1;
				"IPHONEOS_DEPLOYMENT_TARGET[arch=*]" = 3.1;
				OTHER_LDFLAGS = (
					"-framework",
					Foundation,
					"-framework",
					SenTestingKit,
					"-framework",
					UIKit,
				);
				PRODUCT_NAME = UnitTests;
				SDKROOT = iphoneos;
				TEST_AFTER_BUILD = YES;
				WRAPPER_EXTENSION = octest;
				ZERO_LINK = NO;
			};
			name = Release;
		};
		F07A25F7144556530098E009 /* Distribution */ = {
			isa = XCBuildConfiguration;
			buildSettings = {
				ARCHS = "$(ARCHS_STANDARD_32_BIT)";
				GCC_C_LANGUAGE_STANDARD = c99;
				GCC_VERSION = com.apple.compilers.llvm.clang.1_0;
				GCC_WARN_ABOUT_RETURN_TYPE = YES;
				GCC_WARN_UNUSED_VARIABLE = YES;
				OTHER_LDFLAGS = (
					"-ObjC",
					"-all_load",
				);
				SDKROOT = iphoneos;
				SKIP_INSTALL = YES;
			};
			name = Distribution;
		};
		F07A25F8144556530098E009 /* Distribution */ = {
			isa = XCBuildConfiguration;
			buildSettings = {
				ALWAYS_SEARCH_USER_PATHS = NO;
				DSTROOT = /tmp/ZSFoundation.dst;
				GCC_C_LANGUAGE_STANDARD = gnu99;
				GCC_PRECOMPILE_PREFIX_HEADER = YES;
				GCC_PREFIX_HEADER = "ZSFoundation-Prefix.pch";
				GCC_VERSION = com.apple.compilers.llvm.clang.1_0;
				IPHONEOS_DEPLOYMENT_TARGET = 3.1;
				OTHER_LDFLAGS = "-ObjC";
				PRODUCT_NAME = "$(TARGET_NAME)";
				SDKROOT = iphoneos;
			};
			name = Distribution;
		};
		F07A25F9144556530098E009 /* Distribution */ = {
			isa = XCBuildConfiguration;
			buildSettings = {
				ALWAYS_SEARCH_USER_PATHS = NO;
				"CODE_SIGN_IDENTITY[sdk=iphoneos*]" = "";
				COPY_PHASE_STRIP = YES;
				DEBUG_INFORMATION_FORMAT = "dwarf-with-dsym";
				FRAMEWORK_SEARCH_PATHS = (
					"\"$(SDKROOT)/Developer/Library/Frameworks\"",
					"\"$(DEVELOPER_LIBRARY_DIR)/Frameworks\"",
				);
				GCC_ENABLE_OBJC_EXCEPTIONS = YES;
				GCC_VERSION = com.apple.compilers.llvm.clang.1_0;
				INFOPLIST_FILE = "UnitTests-Info.plist";
				IPHONEOS_DEPLOYMENT_TARGET = 3.1;
				"IPHONEOS_DEPLOYMENT_TARGET[arch=*]" = 3.1;
				OTHER_LDFLAGS = (
					"-framework",
					Foundation,
					"-framework",
					SenTestingKit,
					"-framework",
					UIKit,
				);
				PRODUCT_NAME = UnitTests;
				SDKROOT = iphoneos;
				TEST_AFTER_BUILD = YES;
				WRAPPER_EXTENSION = octest;
				ZERO_LINK = NO;
			};
			name = Distribution;
		};
/* End XCBuildConfiguration section */

/* Begin XCConfigurationList section */
		1DEB922208733DC00010E9CD /* Build configuration list for PBXProject "ZSFoundation" */ = {
			isa = XCConfigurationList;
			buildConfigurations = (
				1DEB922308733DC00010E9CD /* Debug */,
				1DEB922408733DC00010E9CD /* Release */,
				F07A25F7144556530098E009 /* Distribution */,
			);
			defaultConfigurationIsVisible = 0;
			defaultConfigurationName = Distribution;
		};
		91D129331411BFD6002BC0D5 /* Build configuration list for PBXNativeTarget "ZSFoundation" */ = {
			isa = XCConfigurationList;
			buildConfigurations = (
				91D129341411BFD6002BC0D5 /* Debug */,
				91D129351411BFD6002BC0D5 /* Release */,
				F07A25F8144556530098E009 /* Distribution */,
			);
			defaultConfigurationIsVisible = 0;
			defaultConfigurationName = Distribution;
		};
		F00053CE130C8B000093E979 /* Build configuration list for PBXNativeTarget "ZSFoundationUnitTests" */ = {
			isa = XCConfigurationList;
			buildConfigurations = (
				F00053CC130C8B000093E979 /* Debug */,
				F00053CD130C8B000093E979 /* Release */,
				F07A25F9144556530098E009 /* Distribution */,
			);
			defaultConfigurationIsVisible = 0;
			defaultConfigurationName = Distribution;
		};
/* End XCConfigurationList section */
	};
	rootObject = 0867D690FE84028FC02AAC07 /* Project object */;
}
